<?xml version="1.0" encoding="utf-8"?>
<Project ToolsVersion="4.0" xmlns="http://schemas.microsoft.com/developer/msbuild/2003">
  <ItemGroup>
    <Filter Include="Source Files">
      <UniqueIdentifier>{4FC737F1-C7A5-4376-A066-2A32D752A2FF}</UniqueIdentifier>
      <Extensions>cpp;c;cc;cxx;def;odl;idl;hpj;bat;asm;asmx</Extensions>
    </Filter>
    <Filter Include="Header Files">
      <UniqueIdentifier>{93995380-89BD-4b04-88EB-625FBE52EBFB}</UniqueIdentifier>
      <Extensions>h;hpp;hxx;hm;inl;inc;xsd</Extensions>
    </Filter>
    <Filter Include="Resource Files">
      <UniqueIdentifier>{67DA6AB6-F800-4c08-8B7A-83BB121AAD01}</UniqueIdentifier>
      <Extensions>rc;ico;cur;bmp;dlg;rc2;rct;bin;rgs;gif;jpg;jpeg;jpe;resx;tiff;tif;png;wav;mfcribbon-ms</Extensions>
    </Filter>
    <Filter Include="Header Files\DCT">
      <UniqueIdentifier>{069cc3d7-dc1f-4361-a712-6cc29099b2d1}</UniqueIdentifier>
    </Filter>
    <Filter Include="Source Files\GUI">
      <UniqueIdentifier>{32a4a299-c461-4cab-9a65-698710b3a21c}</UniqueIdentifier>
    </Filter>
    <Filter Include="Source Files\GUI\Sidebar">
      <UniqueIdentifier>{b43fc89b-bcfa-4542-86b3-991decbe7d5c}</UniqueIdentifier>
    </Filter>
    <Filter Include="Header Files\gui">
      <UniqueIdentifier>{61d2ad25-04da-49db-8062-83d3c4282846}</UniqueIdentifier>
    </Filter>
    <Filter Include="Header Files\gui\Sidebar">
      <UniqueIdentifier>{deb34581-aeae-4494-8efb-104239094ed4}</UniqueIdentifier>
    </Filter>
  </ItemGroup>
  <ItemGroup>
    <ClCompile Include="..\src\main.cpp">
      <Filter>Source Files</Filter>
    </ClCompile>
    <ClCompile Include="..\src\GUI\Sidebar\BottomSidebar.cpp">
      <Filter>Source Files\GUI\Sidebar</Filter>
    </ClCompile>
    <ClCompile Include="..\src\GUI\Sidebar\SampleValueSpinner.cpp">
      <Filter>Source Files\GUI\Sidebar</Filter>
    </ClCompile>
    <ClCompile Include="..\src\GUI\Sidebar\GenerateSampleButton.cpp">
      <Filter>Source Files\GUI\Sidebar</Filter>
    </ClCompile>
    <ClCompile Include="..\src\GUI\Sidebar\SampleSpinnersPanel.cpp">
      <Filter>Source Files\GUI\Sidebar</Filter>
    </ClCompile>
  </ItemGroup>
  <ItemGroup>
    <ClInclude Include="..\include\macros.h">
      <Filter>Header Files</Filter>
    </ClInclude>
    <ClInclude Include="..\include\GUI\Sidebar\BottomSidebar.h">
      <Filter>Header Files\gui\Sidebar</Filter>
    </ClInclude>
    <ClInclude Include="..\include\GUI\Sidebar\SampleValueSpinner.h">
      <Filter>Header Files\gui\Sidebar</Filter>
    </ClInclude>
    <ClInclude Include="..\include\DCT\dct.hpp">
      <Filter>Header Files\DCT</Filter>
    </ClInclude>
    <ClInclude Include="..\include\GUI\Sidebar\GenerateSampleButton.h">
      <Filter>Header Files\gui\Sidebar</Filter>
    </ClInclude>
    <ClInclude Include="..\include\GUI\Sidebar\SampleSpinnersPanel.h">
      <Filter>Header Files\gui\Sidebar</Filter>
    </ClInclude>
  </ItemGroup>
</Project>